// !$*UTF8*$!
{
	archiveVersion = 1;
	classes = {
	};
	objectVersion = 50;
	objects = {

/* Begin PBXBuildFile section */
		A71AADA0208F6E8900D5AD42 /* AppDelegate.swift in Sources */ = {isa = PBXBuildFile; fileRef = A71AAD9F208F6E8900D5AD42 /* AppDelegate.swift */; };
		A71AADA2208F6E8900D5AD42 /* ViewController.swift in Sources */ = {isa = PBXBuildFile; fileRef = A71AADA1208F6E8900D5AD42 /* ViewController.swift */; };
		A71AADA5208F6E8900D5AD42 /* Main.storyboard in Resources */ = {isa = PBXBuildFile; fileRef = A71AADA3208F6E8900D5AD42 /* Main.storyboard */; };
		A71AADA7208F6E8D00D5AD42 /* Assets.xcassets in Resources */ = {isa = PBXBuildFile; fileRef = A71AADA6208F6E8D00D5AD42 /* Assets.xcassets */; };
		A71AADAA208F6E8D00D5AD42 /* LaunchScreen.storyboard in Resources */ = {isa = PBXBuildFile; fileRef = A71AADA8208F6E8D00D5AD42 /* LaunchScreen.storyboard */; };
		A71AADB5208F6E8D00D5AD42 /* TestTests.swift in Sources */ = {isa = PBXBuildFile; fileRef = A71AADB4208F6E8D00D5AD42 /* TestTests.swift */; };
/* End PBXBuildFile section */

/* Begin PBXContainerItemProxy section */
		A71AADB1208F6E8D00D5AD42 /* PBXContainerItemProxy */ = {
			isa = PBXContainerItemProxy;
			containerPortal = A71AAD94208F6E8900D5AD42 /* Project object */;
			proxyType = 1;
			remoteGlobalIDString = A71AAD9B208F6E8900D5AD42;
			remoteInfo = Test;
		};
/* End PBXContainerItemProxy section */

/* Begin PBXFileReference section */
		A71AAD9C208F6E8900D5AD42 /* Test.app */ = {isa = PBXFileReference; explicitFileType = wrapper.application; includeInIndex = 0; path = Test.app; sourceTree = BUILT_PRODUCTS_DIR; };
		A71AAD9F208F6E8900D5AD42 /* AppDelegate.swift */ = {isa = PBXFileReference; lastKnownFileType = sourcecode.swift; path = AppDelegate.swift; sourceTree = "<group>"; };
		A71AADA1208F6E8900D5AD42 /* ViewController.swift */ = {isa = PBXFileReference; lastKnownFileType = sourcecode.swift; path = ViewController.swift; sourceTree = "<group>"; };
		A71AADA4208F6E8900D5AD42 /* Base */ = {isa = PBXFileReference; lastKnownFileType = file.storyboard; name = Base; path = Base.lproj/Main.storyboard; sourceTree = "<group>"; };
		A71AADA6208F6E8D00D5AD42 /* Assets.xcassets */ = {isa = PBXFileReference; lastKnownFileType = folder.assetcatalog; path = Assets.xcassets; sourceTree = "<group>"; };
		A71AADA9208F6E8D00D5AD42 /* Base */ = {isa = PBXFileReference; lastKnownFileType = file.storyboard; name = Base; path = Base.lproj/LaunchScreen.storyboard; sourceTree = "<group>"; };
		A71AADAB208F6E8D00D5AD42 /* Info.plist */ = {isa = PBXFileReference; lastKnownFileType = text.plist.xml; path = Info.plist; sourceTree = "<group>"; };
		A71AADB0208F6E8D00D5AD42 /* TestTests.xctest */ = {isa = PBXFileReference; explicitFileType = wrapper.cfbundle; includeInIndex = 0; path = TestTests.xctest; sourceTree = BUILT_PRODUCTS_DIR; };
		A71AADB4208F6E8D00D5AD42 /* TestTests.swift */ = {isa = PBXFileReference; lastKnownFileType = sourcecode.swift; path = TestTests.swift; sourceTree = "<group>"; };
		A71AADB6208F6E8D00D5AD42 /* Info.plist */ = {isa = PBXFileReference; lastKnownFileType = text.plist.xml; path = Info.plist; sourceTree = "<group>"; };
/* End PBXFileReference section */

/* Begin PBXFrameworksBuildPhase section */
		A71AAD99208F6E8900D5AD42 /* Frameworks */ = {
			isa = PBXFrameworksBuildPhase;
			buildActionMask = 2147483647;
			files = (
			);
			runOnlyForDeploymentPostprocessing = 0;
		};
		A71AADAD208F6E8D00D5AD42 /* Frameworks */ = {
			isa = PBXFrameworksBuildPhase;
			buildActionMask = 2147483647;
			files = (
			);
			runOnlyForDeploymentPostprocessing = 0;
		};
/* End PBXFrameworksBuildPhase section */

/* Begin PBXGroup section */
		A71AAD93208F6E8900D5AD42 = {
			isa = PBXGroup;
			children = (
				A71AAD9E208F6E8900D5AD42 /* Test */,
				A71AADB3208F6E8D00D5AD42 /* TestTests */,
				A71AAD9D208F6E8900D5AD42 /* Products */,
			);
			sourceTree = "<group>";
		};
		A71AAD9D208F6E8900D5AD42 /* Products */ = {
			isa = PBXGroup;
			children = (
				A71AAD9C208F6E8900D5AD42 /* Test.app */,
				A71AADB0208F6E8D00D5AD42 /* TestTests.xctest */,
			);
			name = Products;
			sourceTree = "<group>";
		};
		A71AAD9E208F6E8900D5AD42 /* Test */ = {
			isa = PBXGroup;
			children = (
				A71AAD9F208F6E8900D5AD42 /* AppDelegate.swift */,
				A71AADA1208F6E8900D5AD42 /* ViewController.swift */,
				A71AADA3208F6E8900D5AD42 /* Main.storyboard */,
				A71AADA6208F6E8D00D5AD42 /* Assets.xcassets */,
				A71AADA8208F6E8D00D5AD42 /* LaunchScreen.storyboard */,
				A71AADAB208F6E8D00D5AD42 /* Info.plist */,
			);
			path = Test;
			sourceTree = "<group>";
		};
		A71AADB3208F6E8D00D5AD42 /* TestTests */ = {
			isa = PBXGroup;
			children = (
				A71AADB4208F6E8D00D5AD42 /* TestTests.swift */,
				A71AADB6208F6E8D00D5AD42 /* Info.plist */,
			);
			path = TestTests;
			sourceTree = "<group>";
		};
/* End PBXGroup section */

/* Begin PBXNativeTarget section */
		A71AAD9B208F6E8900D5AD42 /* Test */ = {
			isa = PBXNativeTarget;
			buildConfigurationList = A71AADB9208F6E8D00D5AD42 /* Build configuration list for PBXNativeTarget "Test" */;
			buildPhases = (
				A71AAD98208F6E8900D5AD42 /* Sources */,
				A71AAD99208F6E8900D5AD42 /* Frameworks */,
				A71AAD9A208F6E8900D5AD42 /* Resources */,
			);
			buildRules = (
			);
			dependencies = (
			);
			name = Test;
			productName = Test;
			productReference = A71AAD9C208F6E8900D5AD42 /* Test.app */;
			productType = "com.apple.product-type.application";
		};
		A71AADAF208F6E8D00D5AD42 /* TestTests */ = {
			isa = PBXNativeTarget;
			buildConfigurationList = A71AADBC208F6E8D00D5AD42 /* Build configuration list for PBXNativeTarget "TestTests" */;
			buildPhases = (
				A71AADAC208F6E8D00D5AD42 /* Sources */,
				A71AADAD208F6E8D00D5AD42 /* Frameworks */,
				A71AADAE208F6E8D00D5AD42 /* Resources */,
			);
			buildRules = (
			);
			dependencies = (
				A71AADB2208F6E8D00D5AD42 /* PBXTargetDependency */,
			);
			name = TestTests;
			productName = TestTests;
			productReference = A71AADB0208F6E8D00D5AD42 /* TestTests.xctest */;
			productType = "com.apple.product-type.bundle.unit-test";
		};
/* End PBXNativeTarget section */

/* Begin PBXProject section */
		A71AAD94208F6E8900D5AD42 /* Project object */ = {
			isa = PBXProject;
			attributes = {
				LastSwiftUpdateCheck = 0930;
				LastUpgradeCheck = 0930;
				ORGANIZATIONNAME = OliverQueen;
				TargetAttributes = {
					A71AAD9B208F6E8900D5AD42 = {
						CreatedOnToolsVersion = 9.3;
					};
					A71AADAF208F6E8D00D5AD42 = {
						CreatedOnToolsVersion = 9.3;
						TestTargetID = A71AAD9B208F6E8900D5AD42;
					};
				};
			};
			buildConfigurationList = A71AAD97208F6E8900D5AD42 /* Build configuration list for PBXProject "Test" */;
			compatibilityVersion = "Xcode 9.3";
			developmentRegion = en;
			hasScannedForEncodings = 0;
			knownRegions = (
				en,
				Base,
			);
			mainGroup = A71AAD93208F6E8900D5AD42;
			productRefGroup = A71AAD9D208F6E8900D5AD42 /* Products */;
			projectDirPath = "";
			projectRoot = "";
			targets = (
				A71AAD9B208F6E8900D5AD42 /* Test */,
				A71AADAF208F6E8D00D5AD42 /* TestTests */,
			);
		};
/* End PBXProject section */

/* Begin PBXResourcesBuildPhase section */
		A71AAD9A208F6E8900D5AD42 /* Resources */ = {
			isa = PBXResourcesBuildPhase;
			buildActionMask = 2147483647;
			files = (
				A71AADAA208F6E8D00D5AD42 /* LaunchScreen.storyboard in Resources */,
				A71AADA7208F6E8D00D5AD42 /* Assets.xcassets in Resources */,
				A71AADA5208F6E8900D5AD42 /* Main.storyboard in Resources */,
			);
			runOnlyForDeploymentPostprocessing = 0;
		};
		A71AADAE208F6E8D00D5AD42 /* Resources */ = {
			isa = PBXResourcesBuildPhase;
			buildActionMask = 2147483647;
			files = (
			);
			runOnlyForDeploymentPostprocessing = 0;
		};
/* End PBXResourcesBuildPhase section */

/* Begin PBXSourcesBuildPhase section */
		A71AAD98208F6E8900D5AD42 /* Sources */ = {
			isa = PBXSourcesBuildPhase;
			buildActionMask = 2147483647;
			files = (
				A71AADA2208F6E8900D5AD42 /* ViewController.swift in Sources */,
				A71AADA0208F6E8900D5AD42 /* AppDelegate.swift in Sources */,
			);
			runOnlyForDeploymentPostprocessing = 0;
		};
		A71AADAC208F6E8D00D5AD42 /* Sources */ = {
			isa = PBXSourcesBuildPhase;
			buildActionMask = 2147483647;
			files = (
				A71AADB5208F6E8D00D5AD42 /* TestTests.swift in Sources */,
			);
			runOnlyForDeploymentPostprocessing = 0;
		};
/* End PBXSourcesBuildPhase section */

/* Begin PBXTargetDependency section */
		A71AADB2208F6E8D00D5AD42 /* PBXTargetDependency */ = {
			isa = PBXTargetDependency;
			target = A71AAD9B208F6E8900D5AD42 /* Test */;
			targetProxy = A71AADB1208F6E8D00D5AD42 /* PBXContainerItemProxy */;
		};
/* End PBXTargetDependency section */

/* Begin PBXVariantGroup section */
		A71AADA3208F6E8900D5AD42 /* Main.storyboard */ = {
			isa = PBXVariantGroup;
			children = (
				A71AADA4208F6E8900D5AD42 /* Base */,
			);
			name = Main.storyboard;
			sourceTree = "<group>";
		};
		A71AADA8208F6E8D00D5AD42 /* LaunchScreen.storyboard */ = {
			isa = PBXVariantGroup;
			children = (
				A71AADA9208F6E8D00D5AD42 /* Base */,
			);
			name = LaunchScreen.storyboard;
			sourceTree = "<group>";
		};
/* End PBXVariantGroup section */

/* Begin XCBuildConfiguration section */
		A71AADB7208F6E8D00D5AD42 /* Debug */ = {
			isa = XCBuildConfiguration;
			buildSettings = {
				ALWAYS_SEARCH_USER_PATHS = NO;
				CLANG_ANALYZER_NONNULL = YES;
				CLANG_ANALYZER_NUMBER_OBJECT_CONVERSION = YES_AGGRESSIVE;
				CLANG_CXX_LANGUAGE_STANDARD = "gnu++14";
				CLANG_CXX_LIBRARY = "libc++";
				CLANG_ENABLE_MODULES = YES;
				CLANG_ENABLE_OBJC_ARC = YES;
				CLANG_ENABLE_OBJC_WEAK = YES;
				CLANG_WARN_BLOCK_CAPTURE_AUTORELEASING = YES;
				CLANG_WARN_BOOL_CONVERSION = YES;
				CLANG_WARN_COMMA = YES;
				CLANG_WARN_CONSTANT_CONVERSION = YES;
				CLANG_WARN_DEPRECATED_OBJC_IMPLEMENTATIONS = YES;
				CLANG_WARN_DIRECT_OBJC_ISA_USAGE = YES_ERROR;
				CLANG_WARN_DOCUMENTATION_COMMENTS = YES;
				CLANG_WARN_EMPTY_BODY = YES;
				CLANG_WARN_ENUM_CONVERSION = YES;
				CLANG_WARN_INFINITE_RECURSION = YES;
				CLANG_WARN_INT_CONVERSION = YES;
				CLANG_WARN_NON_LITERAL_NULL_CONVERSION = YES;
				CLANG_WARN_OBJC_IMPLICIT_RETAIN_SELF = YES;
				CLANG_WARN_OBJC_LITERAL_CONVERSION = YES;
				CLANG_WARN_OBJC_ROOT_CLASS = YES_ERROR;
				CLANG_WARN_RANGE_LOOP_ANALYSIS = YES;
				CLANG_WARN_STRICT_PROTOTYPES = YES;
				CLANG_WARN_SUSPICIOUS_MOVE = YES;
				CLANG_WARN_UNGUARDED_AVAILABILITY = YES_AGGRESSIVE;
				CLANG_WARN_UNREACHABLE_CODE = YES;
				CLANG_WARN__DUPLICATE_METHOD_MATCH = YES;
				CODE_SIGN_IDENTITY = "iPhone Developer";
				COPY_PHASE_STRIP = NO;
				DEBUG_INFORMATION_FORMAT = dwarf;
				ENABLE_STRICT_OBJC_MSGSEND = YES;
				ENABLE_TESTABILITY = YES;
				GCC_C_LANGUAGE_STANDARD = gnu11;
				GCC_DYNAMIC_NO_PIC = NO;
				GCC_NO_COMMON_BLOCKS = YES;
				GCC_OPTIMIZATION_LEVEL = 0;
				GCC_PREPROCESSOR_DEFINITIONS = (
					"DEBUG=1",
					"$(inherited)",
				);
				GCC_WARN_64_TO_32_BIT_CONVERSION = YES;
				GCC_WARN_ABOUT_RETURN_TYPE = YES_ERROR;
				GCC_WARN_UNDECLARED_SELECTOR = YES;
				GCC_WARN_UNINITIALIZED_AUTOS = YES_AGGRESSIVE;
				GCC_WARN_UNUSED_FUNCTION = YES;
				GCC_WARN_UNUSED_VARIABLE = YES;
				IPHONEOS_DEPLOYMENT_TARGET = 11.3;
				MTL_ENABLE_DEBUG_INFO = YES;
				ONLY_ACTIVE_ARCH = YES;
				SDKROOT = iphoneos;
				SWIFT_ACTIVE_COMPILATION_CONDITIONS = DEBUG;
				SWIFT_OPTIMIZATION_LEVEL = "-Onone";
			};
			name = Debug;
		};
		A71AADB8208F6E8D00D5AD42 /* Release */ = {
			isa = XCBuildConfiguration;
			buildSettings = {
				ALWAYS_SEARCH_USER_PATHS = NO;
				CLANG_ANALYZER_NONNULL = YES;
				CLANG_ANALYZER_NUMBER_OBJECT_CONVERSION = YES_AGGRESSIVE;
				CLANG_CXX_LANGUAGE_STANDARD = "gnu++14";
				CLANG_CXX_LIBRARY = "libc++";
				CLANG_ENABLE_MODULES = YES;
				CLANG_ENABLE_OBJC_ARC = YES;
				CLANG_ENABLE_OBJC_WEAK = YES;
				CLANG_WARN_BLOCK_CAPTURE_AUTORELEASING = YES;
				CLANG_WARN_BOOL_CONVERSION = YES;
				CLANG_WARN_COMMA = YES;
				CLANG_WARN_CONSTANT_CONVERSION = YES;
				CLANG_WARN_DEPRECATED_OBJC_IMPLEMENTATIONS = YES;
				CLANG_WARN_DIRECT_OBJC_ISA_USAGE = YES_ERROR;
				CLANG_WARN_DOCUMENTATION_COMMENTS = YES;
				CLANG_WARN_EMPTY_BODY = YES;
				CLANG_WARN_ENUM_CONVERSION = YES;
				CLANG_WARN_INFINITE_RECURSION = YES;
				CLANG_WARN_INT_CONVERSION = YES;
				CLANG_WARN_NON_LITERAL_NULL_CONVERSION = YES;
				CLANG_WARN_OBJC_IMPLICIT_RETAIN_SELF = YES;
				CLANG_WARN_OBJC_LITERAL_CONVERSION = YES;
				CLANG_WARN_OBJC_ROOT_CLASS = YES_ERROR;
				CLANG_WARN_RANGE_LOOP_ANALYSIS = YES;
				CLANG_WARN_STRICT_PROTOTYPES = YES;
				CLANG_WARN_SUSPICIOUS_MOVE = YES;
				CLANG_WARN_UNGUARDED_AVAILABILITY = YES_AGGRESSIVE;
				CLANG_WARN_UNREACHABLE_CODE = YES;
				CLANG_WARN__DUPLICATE_METHOD_MATCH = YES;
				CODE_SIGN_IDENTITY = "iPhone Developer";
				COPY_PHASE_STRIP = NO;
				DEBUG_INFORMATION_FORMAT = "dwarf-with-dsym";
				ENABLE_NS_ASSERTIONS = NO;
				ENABLE_STRICT_OBJC_MSGSEND = YES;
				GCC_C_LANGUAGE_STANDARD = gnu11;
				GCC_NO_COMMON_BLOCKS = YES;
				GCC_WARN_64_TO_32_BIT_CONVERSION = YES;
				GCC_WARN_ABOUT_RETURN_TYPE = YES_ERROR;
				GCC_WARN_UNDECLARED_SELECTOR = YES;
				GCC_WARN_UNINITIALIZED_AUTOS = YES_AGGRESSIVE;
				GCC_WARN_UNUSED_FUNCTION = YES;
				GCC_WARN_UNUSED_VARIABLE = YES;
				IPHONEOS_DEPLOYMENT_TARGET = 11.3;
				MTL_ENABLE_DEBUG_INFO = NO;
				SDKROOT = iphoneos;
				SWIFT_COMPILATION_MODE = wholemodule;
				SWIFT_OPTIMIZATION_LEVEL = "-O";
				VALIDATE_PRODUCT = YES;
			};
			name = Release;
		};
		A71AADBA208F6E8D00D5AD42 /* Debug */ = {
			isa = XCBuildConfiguration;
			buildSettings = {
				ASSETCATALOG_COMPILER_APPICON_NAME = AppIcon;
				CODE_SIGN_STYLE = Automatic;
				DEVELOPMENT_TEAM = X6MRC3DRYX;
				INFOPLIST_FILE = Test/Info.plist;
				LD_RUNPATH_SEARCH_PATHS = (
					"$(inherited)",
					"@executable_path/Frameworks",
				);
				PRODUCT_BUNDLE_IDENTIFIER = Oliver.Test;
				PRODUCT_NAME = "$(TARGET_NAME)";
				SWIFT_VERSION = 4.0;
				TARGETED_DEVICE_FAMILY = "1,2";
			};
			name = Debug;
		};
		A71AADBB208F6E8D00D5AD42 /* Release */ = {
			isa = XCBuildConfiguration;
			buildSettings = {
				ASSETCATALOG_COMPILER_APPICON_NAME = AppIcon;
				CODE_SIGN_STYLE = Automatic;
				DEVELOPMENT_TEAM = X6MRC3DRYX;
				INFOPLIST_FILE = Test/Info.plist;
				LD_RUNPATH_SEARCH_PATHS = (
					"$(inherited)",
					"@executable_path/Frameworks",
				);
				PRODUCT_BUNDLE_IDENTIFIER = Oliver.Test;
				PRODUCT_NAME = "$(TARGET_NAME)";
				SWIFT_VERSION = 4.0;
				TARGETED_DEVICE_FAMILY = "1,2";
			};
			name = Release;
		};
		A71AADBD208F6E8D00D5AD42 /* Debug */ = {
			isa = XCBuildConfiguration;
			buildSettings = {
				ALWAYS_EMBED_SWIFT_STANDARD_LIBRARIES = YES;
				BUNDLE_LOADER = "$(TEST_HOST)";
				CODE_SIGN_STYLE = Automatic;
				DEVELOPMENT_TEAM = X6MRC3DRYX;
				INFOPLIST_FILE = TestTests/Info.plist;
				LD_RUNPATH_SEARCH_PATHS = (
					"$(inherited)",
					"@executable_path/Frameworks",
					"@loader_path/Frameworks",
				);
				PRODUCT_BUNDLE_IDENTIFIER = Oliver.TestTests;
				PRODUCT_NAME = "$(TARGET_NAME)";
				SWIFT_VERSION = 4.0;
				TARGETED_DEVICE_FAMILY = "1,2";
				TEST_HOST = "$(BUILT_PRODUCTS_DIR)/Test.app/Test";
			};
			name = Debug;
		};
		A71AADBE208F6E8D00D5AD42 /* Release */ = {
			isa = XCBuildConfiguration;
			buildSettings = {
				ALWAYS_EMBED_SWIFT_STANDARD_LIBRARIES = YES;
				BUNDLE_LOADER = "$(TEST_HOST)";
				CODE_SIGN_STYLE = Automatic;
				DEVELOPMENT_TEAM = X6MRC3DRYX;
				INFOPLIST_FILE = TestTests/Info.plist;
				LD_RUNPATH_SEARCH_PATHS = (
					"$(inherited)",
					"@executable_path/Frameworks",
					"@loader_path/Frameworks",
				);
				PRODUCT_BUNDLE_IDENTIFIER = Oliver.TestTests;
				PRODUCT_NAME = "$(TARGET_NAME)";
				SWIFT_VERSION = 4.0;
				TARGETED_DEVICE_FAMILY = "1,2";
				TEST_HOST = "$(BUILT_PRODUCTS_DIR)/Test.app/Test";
			};
			name = Release;
		};
/* End XCBuildConfiguration section */

/* Begin XCConfigurationList section */
		A71AAD97208F6E8900D5AD42 /* Build configuration list for PBXProject "Test" */ = {
			isa = XCConfigurationList;
			buildConfigurations = (
				A71AADB7208F6E8D00D5AD42 /* Debug */,
				A71AADB8208F6E8D00D5AD42 /* Release */,
			);
			defaultConfigurationIsVisible = 0;
			defaultConfigurationName = Release;
		};
		A71AADB9208F6E8D00D5AD42 /* Build configuration list for PBXNativeTarget "Test" */ = {
			isa = XCConfigurationList;
			buildConfigurations = (
				A71AADBA208F6E8D00D5AD42 /* Debug */,
				A71AADBB208F6E8D00D5AD42 /* Release */,
			);
			defaultConfigurationIsVisible = 0;
			defaultConfigurationName = Release;
		};
		A71AADBC208F6E8D00D5AD42 /* Build configuration list for PBXNativeTarget "TestTests" */ = {
			isa = XCConfigurationList;
			buildConfigurations = (
				A71AADBD208F6E8D00D5AD42 /* Debug */,
				A71AADBE208F6E8D00D5AD42 /* Release */,
			);
			defaultConfigurationIsVisible = 0;
			defaultConfigurationName = Release;
		};
/* End XCConfigurationList section */
	};
	rootObject = A71AAD94208F6E8900D5AD42 /* Project object */;
}
